
Microsoft Visual Studio Solution File, Format Version 12.00
# Visual Studio Version 16
VisualStudioVersion = 16.0.30002.166
MinimumVisualStudioVersion = 10.0.40219.1
Project("{8BC9CEB8-8B4A-11D0-8D11-00A0C91BC942}") = "IA1", "IA1\IA1.vcxproj", "{9FA67382-25A0-4438-8233-979FAD384FCD}"
EndProject
Global
	GlobalSection(SolutionConfigurationPlatforms) = preSolution
		Debug|x64 = Debug|x64
		Debug|x86 = Debug|x86
		Release|x64 = Release|x64
		Release|x86 = Release|x86
	EndGlobalSection
	GlobalSection(ProjectConfigurationPlatforms) = postSolution
		{9FA67382-25A0-4438-8233-979FAD384FCD}.Debug|x64.ActiveCfg = Debug|x64
		{9FA67382-25A0-4438-8233-979FAD384FCD}.Debug|x64.Build.0 = Debug|x64
		{9FA67382-25A0-4438-8233-979FAD384FCD}.Debug|x86.ActiveCfg = Debug|Win32
		{9FA67382-25A0-4438-8233-979FAD384FCD}.Debug|x86.Build.0 = Debug|Win32
		{9FA67382-25A0-4438-8233-979FAD384FCD}.Release|x64.ActiveCfg = Release|x64
		{9FA67382-25A0-4438-8233-979FAD384FCD}.Release|x64.Build.0 = Release|x64
		{9FA67382-25A0-4438-8233-979FAD384FCD}.Release|x86.ActiveCfg = Release|Win32
		{9FA67382-25A0-4438-8233-979FAD384FCD}.Release|x86.Build.0 = Release|Win32
	EndGlobalSection
	GlobalSection(SolutionProperties) = preSolution
		HideSolutionNode = FALSE
	EndGlobalSection
	GlobalSection(ExtensibilityGlobals) = postSolution
		SolutionGuid = {C91DBB35-AF94-480C-BA17-AC07E2E96E58}
	EndGlobalSection
EndGlobal
